# This file was autogenerated by Stack.
# You should not edit this file by hand.
# For more information, please see the documentation at:
#   https://docs.haskellstack.org/en/stable/lock_files

packages:
- completed:
    hackage: serialport-0.5.0@sha256:a2139e8fa0c0da790f58bd943bfa29bb04d455bca4fd51da2c5c3c4d898a5bab,1618
    pantry-tree:
      size: 762
      sha256: a8dc7f4dacdfa51a90c8896ba0fbaf36a9a9b8f84d80a1dbf4a1ae5983fe4849
  original:
    hackage: serialport-0.5.0
snapshots:
- completed:
    size: 533252
    url: https://raw.githubusercontent.com/commercialhaskell/stackage-snapshots/master/lts/16/26.yaml
    sha256: cdbc5db9c1afe80a5998247939027a0c7db92fa0f20b5cd01596ec3da628b622
  original: lts-16.26
